
Microsoft Visual Studio Solution File, Format Version 11.00
# Visual Studio 2010
Project("{FAE04EC0-301F-11D3-BF4B-00C04F79EFBC}") = "Assembly-CSharp-Editor", "Assembly-CSharp-Editor.csproj", "{73cda9c9-7e23-e8b1-ac12-365d96b3787e}"
EndProject
Project("{FAE04EC0-301F-11D3-BF4B-00C04F79EFBC}") = "Assembly-CSharp", "Assembly-CSharp.csproj", "{c15b20f1-25c3-da48-8bd8-f3598de1d07e}"
EndProject
Project("{FAE04EC0-301F-11D3-BF4B-00C04F79EFBC}") = "Assembly-CSharp-firstpass", "Assembly-CSharp-firstpass.csproj", "{105ff2e0-a540-d2cf-cfc3-7b81e75981e3}"
EndProject
Global
	GlobalSection(SolutionConfigurationPlatforms) = preSolution
		Debug|Any CPU = Debug|Any CPU
	EndGlobalSection
	GlobalSection(ProjectConfigurationPlatforms) = postSolution
		{73cda9c9-7e23-e8b1-ac12-365d96b3787e}.Debug|Any CPU.ActiveCfg = Debug|Any CPU
		{73cda9c9-7e23-e8b1-ac12-365d96b3787e}.Debug|Any CPU.Build.0 = Debug|Any CPU
		{c15b20f1-25c3-da48-8bd8-f3598de1d07e}.Debug|Any CPU.ActiveCfg = Debug|Any CPU
		{c15b20f1-25c3-da48-8bd8-f3598de1d07e}.Debug|Any CPU.Build.0 = Debug|Any CPU
		{105ff2e0-a540-d2cf-cfc3-7b81e75981e3}.Debug|Any CPU.ActiveCfg = Debug|Any CPU
		{105ff2e0-a540-d2cf-cfc3-7b81e75981e3}.Debug|Any CPU.Build.0 = Debug|Any CPU
	EndGlobalSection
	GlobalSection(SolutionProperties) = preSolution
		HideSolutionNode = FALSE
	EndGlobalSection
EndGlobal
